
Microsoft Visual Studio Solution File, Format Version 12.00
# Visual Studio Version 16
VisualStudioVersion = 16.0.32126.315
MinimumVisualStudioVersion = 10.0.40219.1
Project("{FAE04EC0-301F-11D3-BF4B-00C04F79EFBC}") = "Lab06", "Lab06\Lab06.csproj", "{16711875-CCCF-43BB-A189-7BD8A0A4A6E4}"
EndProject
Global
	GlobalSection(SolutionConfigurationPlatforms) = preSolution
		Debug|Any CPU = Debug|Any CPU
		Release|Any CPU = Release|Any CPU
	EndGlobalSection
	GlobalSection(ProjectConfigurationPlatforms) = postSolution
		{16711875-CCCF-43BB-A189-7BD8A0A4A6E4}.Debug|Any CPU.ActiveCfg = Debug|Any CPU
		{16711875-CCCF-43BB-A189-7BD8A0A4A6E4}.Debug|Any CPU.Build.0 = Debug|Any CPU
		{16711875-CCCF-43BB-A189-7BD8A0A4A6E4}.Release|Any CPU.ActiveCfg = Release|Any CPU
		{16711875-CCCF-43BB-A189-7BD8A0A4A6E4}.Release|Any CPU.Build.0 = Release|Any CPU
	EndGlobalSection
	GlobalSection(SolutionProperties) = preSolution
		HideSolutionNode = FALSE
	EndGlobalSection
	GlobalSection(ExtensibilityGlobals) = postSolution
		SolutionGuid = {C07F264E-9D78-4CC6-8350-85C6284D7724}
	EndGlobalSection
EndGlobal
